
Microsoft Visual Studio Solution File, Format Version 12.00
# Visual Studio 15
Project("{FAE04EC0-301F-11D3-BF4B-00C04F79EFBC}") = "Assembly-CSharp", "Assembly-CSharp.csproj", "{344A6D95-4447-77F2-6AFE-933373F902A2}"
EndProject
Project("{FAE04EC0-301F-11D3-BF4B-00C04F79EFBC}") = "Assembly-CSharp-Editor", "Assembly-CSharp-Editor.csproj", "{2E20CEAC-87BC-F014-E5F1-ADED39BD51DA}"
EndProject
Global
	GlobalSection(SolutionConfigurationPlatforms) = preSolution
		Debug|Any CPU = Debug|Any CPU
		Release|Any CPU = Release|Any CPU
	EndGlobalSection
	GlobalSection(ProjectConfigurationPlatforms) = postSolution
		{344A6D95-4447-77F2-6AFE-933373F902A2}.Debug|Any CPU.ActiveCfg = Debug|Any CPU
		{344A6D95-4447-77F2-6AFE-933373F902A2}.Debug|Any CPU.Build.0 = Debug|Any CPU
		{344A6D95-4447-77F2-6AFE-933373F902A2}.Release|Any CPU.ActiveCfg = Release|Any CPU
		{344A6D95-4447-77F2-6AFE-933373F902A2}.Release|Any CPU.Build.0 = Release|Any CPU
		{2E20CEAC-87BC-F014-E5F1-ADED39BD51DA}.Debug|Any CPU.ActiveCfg = Debug|Any CPU
		{2E20CEAC-87BC-F014-E5F1-ADED39BD51DA}.Debug|Any CPU.Build.0 = Debug|Any CPU
		{2E20CEAC-87BC-F014-E5F1-ADED39BD51DA}.Release|Any CPU.ActiveCfg = Release|Any CPU
		{2E20CEAC-87BC-F014-E5F1-ADED39BD51DA}.Release|Any CPU.Build.0 = Release|Any CPU
	EndGlobalSection
	GlobalSection(SolutionProperties) = preSolution
		HideSolutionNode = FALSE
	EndGlobalSection
EndGlobal
