
Microsoft Visual Studio Solution File, Format Version 12.00
# Visual Studio 15
VisualStudioVersion = 15.0.28010.2036
MinimumVisualStudioVersion = 10.0.40219.1
Project("{FAE04EC0-301F-11D3-BF4B-00C04F79EFBC}") = "GameServer", "GameServer\GameServer.csproj", "{F69CF619-49CD-47F2-9790-AC5D217778EA}"
EndProject
Project("{FAE04EC0-301F-11D3-BF4B-00C04F79EFBC}") = "Common", "Common\Common.csproj", "{03D25BB5-0DC4-4409-87FC-A2B01DC88A68}"
EndProject
Global
	GlobalSection(SolutionConfigurationPlatforms) = preSolution
		Debug|Any CPU = Debug|Any CPU
		Release|Any CPU = Release|Any CPU
	EndGlobalSection
	GlobalSection(ProjectConfigurationPlatforms) = postSolution
		{F69CF619-49CD-47F2-9790-AC5D217778EA}.Debug|Any CPU.ActiveCfg = Debug|Any CPU
		{F69CF619-49CD-47F2-9790-AC5D217778EA}.Debug|Any CPU.Build.0 = Debug|Any CPU
		{F69CF619-49CD-47F2-9790-AC5D217778EA}.Release|Any CPU.ActiveCfg = Release|Any CPU
		{F69CF619-49CD-47F2-9790-AC5D217778EA}.Release|Any CPU.Build.0 = Release|Any CPU
		{03D25BB5-0DC4-4409-87FC-A2B01DC88A68}.Debug|Any CPU.ActiveCfg = Debug|Any CPU
		{03D25BB5-0DC4-4409-87FC-A2B01DC88A68}.Debug|Any CPU.Build.0 = Debug|Any CPU
		{03D25BB5-0DC4-4409-87FC-A2B01DC88A68}.Release|Any CPU.ActiveCfg = Release|Any CPU
		{03D25BB5-0DC4-4409-87FC-A2B01DC88A68}.Release|Any CPU.Build.0 = Release|Any CPU
	EndGlobalSection
	GlobalSection(SolutionProperties) = preSolution
		HideSolutionNode = FALSE
	EndGlobalSection
	GlobalSection(ExtensibilityGlobals) = postSolution
		SolutionGuid = {D3B67F08-BEB7-4F56-AB51-48D969DE0B12}
	EndGlobalSection
EndGlobal
